
Microsoft Visual Studio Solution File, Format Version 12.00
# Visual Studio Version 17
VisualStudioVersion = 17.1.32328.378
MinimumVisualStudioVersion = 10.0.40219.1
Project("{9A19103F-16F7-4668-BE54-9A1E7A4F7556}") = "PatikaHomework2", "PatikaHomework2\PatikaHomework2.csproj", "{DF9CA96B-B8D0-4402-B0A5-76C2344BC8F0}"
EndProject
Project("{FAE04EC0-301F-11D3-BF4B-00C04F79EFBC}") = "PatikaHomework2.Data", "PatikaHomework2.Data\PatikaHomework2.Data.csproj", "{504112BD-FB6F-4E69-83C5-DD6F94115458}"
EndProject
Project("{FAE04EC0-301F-11D3-BF4B-00C04F79EFBC}") = "PatikaHomework2.Base", "PatikaHomework2.Base\PatikaHomework2.Base.csproj", "{2D9E4235-7534-49EB-AC83-9CF272369848}"
EndProject
Project("{FAE04EC0-301F-11D3-BF4B-00C04F79EFBC}") = "PatikaHomework2.Dto", "PatikaHomework2.Dto\PatikaHomework2.Dto.csproj", "{E83845F5-EF7D-42D6-9597-3CB5686E10F1}"
EndProject
Project("{FAE04EC0-301F-11D3-BF4B-00C04F79EFBC}") = "PatikaHomework2.Service", "PatikaHomework2.Service\PatikaHomework2.Service.csproj", "{8E820C54-2800-4945-A182-6D5F6B7CACE2}"
EndProject
Global
	GlobalSection(SolutionConfigurationPlatforms) = preSolution
		Debug|Any CPU = Debug|Any CPU
		Release|Any CPU = Release|Any CPU
	EndGlobalSection
	GlobalSection(ProjectConfigurationPlatforms) = postSolution
		{DF9CA96B-B8D0-4402-B0A5-76C2344BC8F0}.Debug|Any CPU.ActiveCfg = Debug|Any CPU
		{DF9CA96B-B8D0-4402-B0A5-76C2344BC8F0}.Debug|Any CPU.Build.0 = Debug|Any CPU
		{DF9CA96B-B8D0-4402-B0A5-76C2344BC8F0}.Release|Any CPU.ActiveCfg = Release|Any CPU
		{DF9CA96B-B8D0-4402-B0A5-76C2344BC8F0}.Release|Any CPU.Build.0 = Release|Any CPU
		{504112BD-FB6F-4E69-83C5-DD6F94115458}.Debug|Any CPU.ActiveCfg = Debug|Any CPU
		{504112BD-FB6F-4E69-83C5-DD6F94115458}.Debug|Any CPU.Build.0 = Debug|Any CPU
		{504112BD-FB6F-4E69-83C5-DD6F94115458}.Release|Any CPU.ActiveCfg = Release|Any CPU
		{504112BD-FB6F-4E69-83C5-DD6F94115458}.Release|Any CPU.Build.0 = Release|Any CPU
		{2D9E4235-7534-49EB-AC83-9CF272369848}.Debug|Any CPU.ActiveCfg = Debug|Any CPU
		{2D9E4235-7534-49EB-AC83-9CF272369848}.Debug|Any CPU.Build.0 = Debug|Any CPU
		{2D9E4235-7534-49EB-AC83-9CF272369848}.Release|Any CPU.ActiveCfg = Release|Any CPU
		{2D9E4235-7534-49EB-AC83-9CF272369848}.Release|Any CPU.Build.0 = Release|Any CPU
		{E83845F5-EF7D-42D6-9597-3CB5686E10F1}.Debug|Any CPU.ActiveCfg = Debug|Any CPU
		{E83845F5-EF7D-42D6-9597-3CB5686E10F1}.Debug|Any CPU.Build.0 = Debug|Any CPU
		{E83845F5-EF7D-42D6-9597-3CB5686E10F1}.Release|Any CPU.ActiveCfg = Release|Any CPU
		{E83845F5-EF7D-42D6-9597-3CB5686E10F1}.Release|Any CPU.Build.0 = Release|Any CPU
		{8E820C54-2800-4945-A182-6D5F6B7CACE2}.Debug|Any CPU.ActiveCfg = Debug|Any CPU
		{8E820C54-2800-4945-A182-6D5F6B7CACE2}.Debug|Any CPU.Build.0 = Debug|Any CPU
		{8E820C54-2800-4945-A182-6D5F6B7CACE2}.Release|Any CPU.ActiveCfg = Release|Any CPU
		{8E820C54-2800-4945-A182-6D5F6B7CACE2}.Release|Any CPU.Build.0 = Release|Any CPU
	EndGlobalSection
	GlobalSection(SolutionProperties) = preSolution
		HideSolutionNode = FALSE
	EndGlobalSection
	GlobalSection(ExtensibilityGlobals) = postSolution
		SolutionGuid = {11F710A3-7ED7-4F53-80E7-65667A1A67DD}
	EndGlobalSection
EndGlobal
